// !$*UTF8*$!
{
	archiveVersion = 1;
	classes = {
	};
	objectVersion = 51;
	objects = {

/* Begin PBXBuildFile section */
		4E4912A4C20A41AC23D6C132 /* Pods_AdvancedTTT.framework in Frameworks */ = {isa = PBXBuildFile; fileRef = AFD71D6FC7FDCA5F05E085FB /* Pods_AdvancedTTT.framework */; };
		5C1F593D2658D1A200041373 /* AppDelegate.swift in Sources */ = {isa = PBXBuildFile; fileRef = 5C1F593C2658D1A200041373 /* AppDelegate.swift */; };
		5C1F593F2658D1A200041373 /* SceneDelegate.swift in Sources */ = {isa = PBXBuildFile; fileRef = 5C1F593E2658D1A200041373 /* SceneDelegate.swift */; };
		5C1F59412658D1A200041373 /* GameViewController.swift in Sources */ = {isa = PBXBuildFile; fileRef = 5C1F59402658D1A200041373 /* GameViewController.swift */; };
		5C1F59442658D1A200041373 /* Main.storyboard in Resources */ = {isa = PBXBuildFile; fileRef = 5C1F59422658D1A200041373 /* Main.storyboard */; };
		5C1F59472658D1A200041373 /* AdvancedTTT.xcdatamodeld in Sources */ = {isa = PBXBuildFile; fileRef = 5C1F59452658D1A200041373 /* AdvancedTTT.xcdatamodeld */; };
		5C1F59492658D1A300041373 /* Assets.xcassets in Resources */ = {isa = PBXBuildFile; fileRef = 5C1F59482658D1A300041373 /* Assets.xcassets */; };
		5C1F594C2658D1A300041373 /* LaunchScreen.storyboard in Resources */ = {isa = PBXBuildFile; fileRef = 5C1F594A2658D1A300041373 /* LaunchScreen.storyboard */; };
		CE1432052776648A00124CEE /* HomeViewController.swift in Sources */ = {isa = PBXBuildFile; fileRef = CE1432042776648A00124CEE /* HomeViewController.swift */; };
		CE1439722753F0C50014D068 /* Side.swift in Sources */ = {isa = PBXBuildFile; fileRef = CE1439712753F0C50014D068 /* Side.swift */; };
		CE1439742753F0E00014D068 /* Item.swift in Sources */ = {isa = PBXBuildFile; fileRef = CE1439732753F0E00014D068 /* Item.swift */; };
		CE1439762753F10A0014D068 /* MainCollectionViewCell.swift in Sources */ = {isa = PBXBuildFile; fileRef = CE1439752753F10A0014D068 /* MainCollectionViewCell.swift */; };
		CE14397B2753F2810014D068 /* UIViewController+Background.swift in Sources */ = {isa = PBXBuildFile; fileRef = CE14397A2753F2810014D068 /* UIViewController+Background.swift */; };
		CE14397D2753F9C00014D068 /* GameData.swift in Sources */ = {isa = PBXBuildFile; fileRef = CE14397C2753F9C00014D068 /* GameData.swift */; };
		CE14397F2753FBFE0014D068 /* BoardType.swift in Sources */ = {isa = PBXBuildFile; fileRef = CE14397E2753FBFE0014D068 /* BoardType.swift */; };
		CE48B0E127ADB6F80064CB61 /* LanguageHelper.swift in Sources */ = {isa = PBXBuildFile; fileRef = CE48B0E027ADB6F80064CB61 /* LanguageHelper.swift */; };
		CE48B0E427ADB9A30064CB61 /* SettingsViewController.swift in Sources */ = {isa = PBXBuildFile; fileRef = CE48B0E327ADB9A20064CB61 /* SettingsViewController.swift */; };
		CE749FA8278442BD004F3D75 /* HowToPlayViewModel.swift in Sources */ = {isa = PBXBuildFile; fileRef = CE749FA7278442BD004F3D75 /* HowToPlayViewModel.swift */; };
		CE749FAA278442C9004F3D75 /* HowToPlayViewController.swift in Sources */ = {isa = PBXBuildFile; fileRef = CE749FA9278442C9004F3D75 /* HowToPlayViewController.swift */; };
		CE749FAC27844927004F3D75 /* Localizable.strings in Resources */ = {isa = PBXBuildFile; fileRef = CE749FAB27844927004F3D75 /* Localizable.strings */; };
		CE749FB0278841DC004F3D75 /* GoogleService-Info.plist in Resources */ = {isa = PBXBuildFile; fileRef = CE749FAF278841DC004F3D75 /* GoogleService-Info.plist */; };
		CE749FB3278853BD004F3D75 /* FirebaseHelper.swift in Sources */ = {isa = PBXBuildFile; fileRef = CE749FB2278853BD004F3D75 /* FirebaseHelper.swift */; };
		CE749FB52788A116004F3D75 /* GameFieldCoder.swift in Sources */ = {isa = PBXBuildFile; fileRef = CE749FB42788A116004F3D75 /* GameFieldCoder.swift */; };
		CE749FB82788F1FE004F3D75 /* PlayOnlineViewController.swift in Sources */ = {isa = PBXBuildFile; fileRef = CE749FB72788F1FE004F3D75 /* PlayOnlineViewController.swift */; };
		CE749FBA2788F22D004F3D75 /* PlayOnlineViewModel.swift in Sources */ = {isa = PBXBuildFile; fileRef = CE749FB92788F22D004F3D75 /* PlayOnlineViewModel.swift */; };
		CEB050A527A722DE006D29FE /* BaseViewController.swift in Sources */ = {isa = PBXBuildFile; fileRef = CEB050A427A722DE006D29FE /* BaseViewController.swift */; };
		CEB050A727A725D8006D29FE /* GameViewModelBase.swift in Sources */ = {isa = PBXBuildFile; fileRef = CEB050A627A725D8006D29FE /* GameViewModelBase.swift */; };
		CEB050AA27A728DE006D29FE /* AdvertsExtension.swift in Sources */ = {isa = PBXBuildFile; fileRef = CEB050A927A728DE006D29FE /* AdvertsExtension.swift */; };
		CEB050AC27A7293B006D29FE /* TableViewExtensions.swift in Sources */ = {isa = PBXBuildFile; fileRef = CEB050AB27A7293B006D29FE /* TableViewExtensions.swift */; };
		CEB050AE27A72B6D006D29FE /* GameViewModel.swift in Sources */ = {isa = PBXBuildFile; fileRef = CEB050AD27A72B6D006D29FE /* GameViewModel.swift */; };
		CEB2C01E2789AE0600A3EB43 /* ConnectToRoomViewController.swift in Sources */ = {isa = PBXBuildFile; fileRef = CEB2C01D2789AE0600A3EB43 /* ConnectToRoomViewController.swift */; };
		F506F01B29C1DBF9006BF4C4 /* ArrayExtensions.swift in Sources */ = {isa = PBXBuildFile; fileRef = F506F01A29C1DBF9006BF4C4 /* ArrayExtensions.swift */; };
		F58852E329A68FC2009EF20E /* LocalStorageHelper.swift in Sources */ = {isa = PBXBuildFile; fileRef = F58852E229A68FC2009EF20E /* LocalStorageHelper.swift */; };
/* End PBXBuildFile section */

/* Begin PBXFileReference section */
		5C1F59392658D1A200041373 /* AdvancedTTT.app */ = {isa = PBXFileReference; explicitFileType = wrapper.application; includeInIndex = 0; path = AdvancedTTT.app; sourceTree = BUILT_PRODUCTS_DIR; };
		5C1F593C2658D1A200041373 /* AppDelegate.swift */ = {isa = PBXFileReference; lastKnownFileType = sourcecode.swift; path = AppDelegate.swift; sourceTree = "<group>"; };
		5C1F593E2658D1A200041373 /* SceneDelegate.swift */ = {isa = PBXFileReference; lastKnownFileType = sourcecode.swift; path = SceneDelegate.swift; sourceTree = "<group>"; };
		5C1F59402658D1A200041373 /* GameViewController.swift */ = {isa = PBXFileReference; lastKnownFileType = sourcecode.swift; path = GameViewController.swift; sourceTree = "<group>"; };
		5C1F59432658D1A200041373 /* Base */ = {isa = PBXFileReference; lastKnownFileType = file.storyboard; name = Base; path = Base.lproj/Main.storyboard; sourceTree = "<group>"; };
		5C1F59462658D1A200041373 /* AdvancedTTT.xcdatamodel */ = {isa = PBXFileReference; lastKnownFileType = wrapper.xcdatamodel; path = AdvancedTTT.xcdatamodel; sourceTree = "<group>"; };
		5C1F59482658D1A300041373 /* Assets.xcassets */ = {isa = PBXFileReference; lastKnownFileType = folder.assetcatalog; path = Assets.xcassets; sourceTree = "<group>"; };
		5C1F594B2658D1A300041373 /* Base */ = {isa = PBXFileReference; lastKnownFileType = file.storyboard; name = Base; path = Base.lproj/LaunchScreen.storyboard; sourceTree = "<group>"; };
		5C1F594D2658D1A300041373 /* Info.plist */ = {isa = PBXFileReference; lastKnownFileType = text.plist.xml; path = Info.plist; sourceTree = "<group>"; };
		AD7CD2E3915A17301EDAA812 /* Pods-AdvancedTTT.release.xcconfig */ = {isa = PBXFileReference; includeInIndex = 1; lastKnownFileType = text.xcconfig; name = "Pods-AdvancedTTT.release.xcconfig"; path = "Target Support Files/Pods-AdvancedTTT/Pods-AdvancedTTT.release.xcconfig"; sourceTree = "<group>"; };
		AFD71D6FC7FDCA5F05E085FB /* Pods_AdvancedTTT.framework */ = {isa = PBXFileReference; explicitFileType = wrapper.framework; includeInIndex = 0; path = Pods_AdvancedTTT.framework; sourceTree = BUILT_PRODUCTS_DIR; };
		CE1432042776648A00124CEE /* HomeViewController.swift */ = {isa = PBXFileReference; lastKnownFileType = sourcecode.swift; path = HomeViewController.swift; sourceTree = "<group>"; };
		CE1439712753F0C50014D068 /* Side.swift */ = {isa = PBXFileReference; lastKnownFileType = sourcecode.swift; path = Side.swift; sourceTree = "<group>"; };
		CE1439732753F0E00014D068 /* Item.swift */ = {isa = PBXFileReference; lastKnownFileType = sourcecode.swift; path = Item.swift; sourceTree = "<group>"; };
		CE1439752753F10A0014D068 /* MainCollectionViewCell.swift */ = {isa = PBXFileReference; lastKnownFileType = sourcecode.swift; path = MainCollectionViewCell.swift; sourceTree = "<group>"; };
		CE14397A2753F2810014D068 /* UIViewController+Background.swift */ = {isa = PBXFileReference; lastKnownFileType = sourcecode.swift; path = "UIViewController+Background.swift"; sourceTree = "<group>"; };
		CE14397C2753F9C00014D068 /* GameData.swift */ = {isa = PBXFileReference; lastKnownFileType = sourcecode.swift; path = GameData.swift; sourceTree = "<group>"; };
		CE14397E2753FBFE0014D068 /* BoardType.swift */ = {isa = PBXFileReference; lastKnownFileType = sourcecode.swift; path = BoardType.swift; sourceTree = "<group>"; };
		CE48B0E027ADB6F80064CB61 /* LanguageHelper.swift */ = {isa = PBXFileReference; lastKnownFileType = sourcecode.swift; path = LanguageHelper.swift; sourceTree = "<group>"; };
		CE48B0E327ADB9A20064CB61 /* SettingsViewController.swift */ = {isa = PBXFileReference; lastKnownFileType = sourcecode.swift; path = SettingsViewController.swift; sourceTree = "<group>"; };
		CE749FA7278442BD004F3D75 /* HowToPlayViewModel.swift */ = {isa = PBXFileReference; lastKnownFileType = sourcecode.swift; path = HowToPlayViewModel.swift; sourceTree = "<group>"; };
		CE749FA9278442C9004F3D75 /* HowToPlayViewController.swift */ = {isa = PBXFileReference; lastKnownFileType = sourcecode.swift; path = HowToPlayViewController.swift; sourceTree = "<group>"; };
		CE749FAB27844927004F3D75 /* Localizable.strings */ = {isa = PBXFileReference; lastKnownFileType = text.plist.strings; path = Localizable.strings; sourceTree = "<group>"; };
		CE749FAF278841DC004F3D75 /* GoogleService-Info.plist */ = {isa = PBXFileReference; fileEncoding = 4; lastKnownFileType = text.plist.xml; path = "GoogleService-Info.plist"; sourceTree = "<group>"; };
		CE749FB2278853BD004F3D75 /* FirebaseHelper.swift */ = {isa = PBXFileReference; lastKnownFileType = sourcecode.swift; path = FirebaseHelper.swift; sourceTree = "<group>"; };
		CE749FB42788A116004F3D75 /* GameFieldCoder.swift */ = {isa = PBXFileReference; lastKnownFileType = sourcecode.swift; path = GameFieldCoder.swift; sourceTree = "<group>"; };
		CE749FB72788F1FE004F3D75 /* PlayOnlineViewController.swift */ = {isa = PBXFileReference; lastKnownFileType = sourcecode.swift; path = PlayOnlineViewController.swift; sourceTree = "<group>"; };
		CE749FB92788F22D004F3D75 /* PlayOnlineViewModel.swift */ = {isa = PBXFileReference; lastKnownFileType = sourcecode.swift; path = PlayOnlineViewModel.swift; sourceTree = "<group>"; };
		CEB050A427A722DE006D29FE /* BaseViewController.swift */ = {isa = PBXFileReference; lastKnownFileType = sourcecode.swift; path = BaseViewController.swift; sourceTree = "<group>"; };
		CEB050A627A725D8006D29FE /* GameViewModelBase.swift */ = {isa = PBXFileReference; lastKnownFileType = sourcecode.swift; path = GameViewModelBase.swift; sourceTree = "<group>"; };
		CEB050A927A728DE006D29FE /* AdvertsExtension.swift */ = {isa = PBXFileReference; lastKnownFileType = sourcecode.swift; path = AdvertsExtension.swift; sourceTree = "<group>"; };
		CEB050AB27A7293B006D29FE /* TableViewExtensions.swift */ = {isa = PBXFileReference; lastKnownFileType = sourcecode.swift; path = TableViewExtensions.swift; sourceTree = "<group>"; };
		CEB050AD27A72B6D006D29FE /* GameViewModel.swift */ = {isa = PBXFileReference; lastKnownFileType = sourcecode.swift; path = GameViewModel.swift; sourceTree = "<group>"; };
		CEB2C01D2789AE0600A3EB43 /* ConnectToRoomViewController.swift */ = {isa = PBXFileReference; lastKnownFileType = sourcecode.swift; path = ConnectToRoomViewController.swift; sourceTree = "<group>"; };
		D4D209E0AC4AF1ACB7C48924 /* Pods-AdvancedTTT.debug.xcconfig */ = {isa = PBXFileReference; includeInIndex = 1; lastKnownFileType = text.xcconfig; name = "Pods-AdvancedTTT.debug.xcconfig"; path = "Target Support Files/Pods-AdvancedTTT/Pods-AdvancedTTT.debug.xcconfig"; sourceTree = "<group>"; };
		F506F01A29C1DBF9006BF4C4 /* ArrayExtensions.swift */ = {isa = PBXFileReference; lastKnownFileType = sourcecode.swift; path = ArrayExtensions.swift; sourceTree = "<group>"; };
		F58852E229A68FC2009EF20E /* LocalStorageHelper.swift */ = {isa = PBXFileReference; lastKnownFileType = sourcecode.swift; path = LocalStorageHelper.swift; sourceTree = "<group>"; };
/* End PBXFileReference section */

/* Begin PBXFrameworksBuildPhase section */
		5C1F59362658D1A200041373 /* Frameworks */ = {
			isa = PBXFrameworksBuildPhase;
			buildActionMask = 2147483647;
			files = (
				4E4912A4C20A41AC23D6C132 /* Pods_AdvancedTTT.framework in Frameworks */,
			);
			runOnlyForDeploymentPostprocessing = 0;
		};
/* End PBXFrameworksBuildPhase section */

/* Begin PBXGroup section */
		5C1F59302658D1A200041373 = {
			isa = PBXGroup;
			children = (
				5C1F593B2658D1A200041373 /* AdvancedTTT */,
				5C1F593A2658D1A200041373 /* Products */,
				B2304A89C001D464184A80FB /* Pods */,
				5DB8D50C0C546D0B98DC7D86 /* Frameworks */,
			);
			sourceTree = "<group>";
		};
		5C1F593A2658D1A200041373 /* Products */ = {
			isa = PBXGroup;
			children = (
				5C1F59392658D1A200041373 /* AdvancedTTT.app */,
			);
			name = Products;
			sourceTree = "<group>";
		};
		5C1F593B2658D1A200041373 /* AdvancedTTT */ = {
			isa = PBXGroup;
			children = (
				CE749FB1278853AC004F3D75 /* Helpers */,
				CE749FA527844261004F3D75 /* UIFlow */,
				CE1439802753FF740014D068 /* Cells */,
				CE1439792753F26F0014D068 /* Extensions */,
				CE1439702753F0B90014D068 /* Models */,
				5C1F593C2658D1A200041373 /* AppDelegate.swift */,
				5C1F593E2658D1A200041373 /* SceneDelegate.swift */,
				5C1F59422658D1A200041373 /* Main.storyboard */,
				5C1F59482658D1A300041373 /* Assets.xcassets */,
				5C1F594A2658D1A300041373 /* LaunchScreen.storyboard */,
				5C1F594D2658D1A300041373 /* Info.plist */,
				5C1F59452658D1A200041373 /* AdvancedTTT.xcdatamodeld */,
				CE749FAB27844927004F3D75 /* Localizable.strings */,
				CE749FAF278841DC004F3D75 /* GoogleService-Info.plist */,
			);
			path = AdvancedTTT;
			sourceTree = "<group>";
		};
		5DB8D50C0C546D0B98DC7D86 /* Frameworks */ = {
			isa = PBXGroup;
			children = (
				AFD71D6FC7FDCA5F05E085FB /* Pods_AdvancedTTT.framework */,
			);
			name = Frameworks;
			sourceTree = "<group>";
		};
		B2304A89C001D464184A80FB /* Pods */ = {
			isa = PBXGroup;
			children = (
				D4D209E0AC4AF1ACB7C48924 /* Pods-AdvancedTTT.debug.xcconfig */,
				AD7CD2E3915A17301EDAA812 /* Pods-AdvancedTTT.release.xcconfig */,
			);
			path = Pods;
			sourceTree = "<group>";
		};
		CE1432032776645C00124CEE /* HomeScreen */ = {
			isa = PBXGroup;
			children = (
				CE1432042776648A00124CEE /* HomeViewController.swift */,
			);
			path = HomeScreen;
			sourceTree = "<group>";
		};
		CE14396F2753F0A80014D068 /* Play with friend */ = {
			isa = PBXGroup;
			children = (
				CEB050A827A728BF006D29FE /* Extensions */,
				5C1F59402658D1A200041373 /* GameViewController.swift */,
				CE14397C2753F9C00014D068 /* GameData.swift */,
				CEB050AD27A72B6D006D29FE /* GameViewModel.swift */,
			);
			path = "Play with friend";
			sourceTree = "<group>";
		};
		CE1439702753F0B90014D068 /* Models */ = {
			isa = PBXGroup;
			children = (
				CE1439712753F0C50014D068 /* Side.swift */,
				CE1439732753F0E00014D068 /* Item.swift */,
				CE14397E2753FBFE0014D068 /* BoardType.swift */,
			);
			path = Models;
			sourceTree = "<group>";
		};
		CE1439792753F26F0014D068 /* Extensions */ = {
			isa = PBXGroup;
			children = (
				CE14397A2753F2810014D068 /* UIViewController+Background.swift */,
				F506F01A29C1DBF9006BF4C4 /* ArrayExtensions.swift */,
			);
			path = Extensions;
			sourceTree = "<group>";
		};
		CE1439802753FF740014D068 /* Cells */ = {
			isa = PBXGroup;
			children = (
				CE1439752753F10A0014D068 /* MainCollectionViewCell.swift */,
			);
			path = Cells;
			sourceTree = "<group>";
		};
		CE48B0E227ADB9930064CB61 /* Settings */ = {
			isa = PBXGroup;
			children = (
				CE48B0E327ADB9A20064CB61 /* SettingsViewController.swift */,
			);
			path = Settings;
			sourceTree = "<group>";
		};
		CE749FA527844261004F3D75 /* UIFlow */ = {
			isa = PBXGroup;
			children = (
				CE48B0E227ADB9930064CB61 /* Settings */,
				CEB2C01B2789ADC700A3EB43 /* ConnectToRoom */,
				CEB050A327A722CB006D29FE /* BaseViewController */,
				CE749FA62784427E004F3D75 /* HowToPlayScreen */,
				CE14396F2753F0A80014D068 /* Play with friend */,
				CE749FB62788F1D5004F3D75 /* PlayOnline */,
				CE1432032776645C00124CEE /* HomeScreen */,
				CEB050A627A725D8006D29FE /* GameViewModelBase.swift */,
			);
			path = UIFlow;
			sourceTree = "<group>";
		};
		CE749FA62784427E004F3D75 /* HowToPlayScreen */ = {
			isa = PBXGroup;
			children = (
				CE749FA7278442BD004F3D75 /* HowToPlayViewModel.swift */,
				CE749FA9278442C9004F3D75 /* HowToPlayViewController.swift */,
			);
			path = HowToPlayScreen;
			sourceTree = "<group>";
		};
		CE749FB1278853AC004F3D75 /* Helpers */ = {
			isa = PBXGroup;
			children = (
				CE749FB2278853BD004F3D75 /* FirebaseHelper.swift */,
				CE749FB42788A116004F3D75 /* GameFieldCoder.swift */,
				CE48B0E027ADB6F80064CB61 /* LanguageHelper.swift */,
				F58852E229A68FC2009EF20E /* LocalStorageHelper.swift */,
			);
			path = Helpers;
			sourceTree = "<group>";
		};
		CE749FB62788F1D5004F3D75 /* PlayOnline */ = {
			isa = PBXGroup;
			children = (
				CE749FB72788F1FE004F3D75 /* PlayOnlineViewController.swift */,
				CE749FB92788F22D004F3D75 /* PlayOnlineViewModel.swift */,
			);
			path = PlayOnline;
			sourceTree = "<group>";
		};
		CEB050A327A722CB006D29FE /* BaseViewController */ = {
			isa = PBXGroup;
			children = (
				CEB050A427A722DE006D29FE /* BaseViewController.swift */,
			);
			path = BaseViewController;
			sourceTree = "<group>";
		};
		CEB050A827A728BF006D29FE /* Extensions */ = {
			isa = PBXGroup;
			children = (
				CEB050A927A728DE006D29FE /* AdvertsExtension.swift */,
				CEB050AB27A7293B006D29FE /* TableViewExtensions.swift */,
			);
			path = Extensions;
			sourceTree = "<group>";
		};
		CEB2C01B2789ADC700A3EB43 /* ConnectToRoom */ = {
			isa = PBXGroup;
			children = (
				CEB2C01D2789AE0600A3EB43 /* ConnectToRoomViewController.swift */,
			);
			path = ConnectToRoom;
			sourceTree = "<group>";
		};
/* End PBXGroup section */

/* Begin PBXNativeTarget section */
		5C1F59382658D1A200041373 /* AdvancedTTT */ = {
			isa = PBXNativeTarget;
			buildConfigurationList = 5C1F59502658D1A300041373 /* Build configuration list for PBXNativeTarget "AdvancedTTT" */;
			buildPhases = (
				D61743133F003EEC4CB93077 /* [CP] Check Pods Manifest.lock */,
				5C1F59352658D1A200041373 /* Sources */,
				5C1F59362658D1A200041373 /* Frameworks */,
				5C1F59372658D1A200041373 /* Resources */,
				5D99A7F865D4ECF9B66756F9 /* [CP] Embed Pods Frameworks */,
			);
			buildRules = (
			);
			dependencies = (
			);
			name = AdvancedTTT;
			productName = AdvancedTTT;
			productReference = 5C1F59392658D1A200041373 /* AdvancedTTT.app */;
			productType = "com.apple.product-type.application";
		};
/* End PBXNativeTarget section */

/* Begin PBXProject section */
		5C1F59312658D1A200041373 /* Project object */ = {
			isa = PBXProject;
			attributes = {
				LastSwiftUpdateCheck = 1250;
				LastUpgradeCheck = 1250;
				TargetAttributes = {
					5C1F59382658D1A200041373 = {
						CreatedOnToolsVersion = 12.5;
					};
				};
			};
			buildConfigurationList = 5C1F59342658D1A200041373 /* Build configuration list for PBXProject "AdvancedTTT" */;
			compatibilityVersion = "Xcode 9.3";
			developmentRegion = en;
			hasScannedForEncodings = 0;
			knownRegions = (
				en,
				Base,
			);
			mainGroup = 5C1F59302658D1A200041373;
			productRefGroup = 5C1F593A2658D1A200041373 /* Products */;
			projectDirPath = "";
			projectRoot = "";
			targets = (
				5C1F59382658D1A200041373 /* AdvancedTTT */,
			);
		};
/* End PBXProject section */

/* Begin PBXResourcesBuildPhase section */
		5C1F59372658D1A200041373 /* Resources */ = {
			isa = PBXResourcesBuildPhase;
			buildActionMask = 2147483647;
			files = (
				5C1F594C2658D1A300041373 /* LaunchScreen.storyboard in Resources */,
				CE749FAC27844927004F3D75 /* Localizable.strings in Resources */,
				CE749FB0278841DC004F3D75 /* GoogleService-Info.plist in Resources */,
				5C1F59492658D1A300041373 /* Assets.xcassets in Resources */,
				5C1F59442658D1A200041373 /* Main.storyboard in Resources */,
			);
			runOnlyForDeploymentPostprocessing = 0;
		};
/* End PBXResourcesBuildPhase section */

/* Begin PBXShellScriptBuildPhase section */
		5D99A7F865D4ECF9B66756F9 /* [CP] Embed Pods Frameworks */ = {
			isa = PBXShellScriptBuildPhase;
			buildActionMask = 2147483647;
			files = (
			);
			inputFileListPaths = (
				"${PODS_ROOT}/Target Support Files/Pods-AdvancedTTT/Pods-AdvancedTTT-frameworks-${CONFIGURATION}-input-files.xcfilelist",
			);
			name = "[CP] Embed Pods Frameworks";
			outputFileListPaths = (
				"${PODS_ROOT}/Target Support Files/Pods-AdvancedTTT/Pods-AdvancedTTT-frameworks-${CONFIGURATION}-output-files.xcfilelist",
			);
			runOnlyForDeploymentPostprocessing = 0;
			shellPath = /bin/sh;
			shellScript = "\"${PODS_ROOT}/Target Support Files/Pods-AdvancedTTT/Pods-AdvancedTTT-frameworks.sh\"\n";
			showEnvVarsInLog = 0;
		};
		D61743133F003EEC4CB93077 /* [CP] Check Pods Manifest.lock */ = {
			isa = PBXShellScriptBuildPhase;
			buildActionMask = 2147483647;
			files = (
			);
			inputFileListPaths = (
			);
			inputPaths = (
				"${PODS_PODFILE_DIR_PATH}/Podfile.lock",
				"${PODS_ROOT}/Manifest.lock",
			);
			name = "[CP] Check Pods Manifest.lock";
			outputFileListPaths = (
			);
			outputPaths = (
				"$(DERIVED_FILE_DIR)/Pods-AdvancedTTT-checkManifestLockResult.txt",
			);
			runOnlyForDeploymentPostprocessing = 0;
			shellPath = /bin/sh;
			shellScript = "diff \"${PODS_PODFILE_DIR_PATH}/Podfile.lock\" \"${PODS_ROOT}/Manifest.lock\" > /dev/null\nif [ $? != 0 ] ; then\n    # print error to STDERR\n    echo \"error: The sandbox is not in sync with the Podfile.lock. Run 'pod install' or update your CocoaPods installation.\" >&2\n    exit 1\nfi\n# This output is used by Xcode 'outputs' to avoid re-running this script phase.\necho \"SUCCESS\" > \"${SCRIPT_OUTPUT_FILE_0}\"\n";
			showEnvVarsInLog = 0;
		};
/* End PBXShellScriptBuildPhase section */

/* Begin PBXSourcesBuildPhase section */
		5C1F59352658D1A200041373 /* Sources */ = {
			isa = PBXSourcesBuildPhase;
			buildActionMask = 2147483647;
			files = (
				CEB050AC27A7293B006D29FE /* TableViewExtensions.swift in Sources */,
				5C1F59412658D1A200041373 /* GameViewController.swift in Sources */,
				CEB050AA27A728DE006D29FE /* AdvertsExtension.swift in Sources */,
				CE14397F2753FBFE0014D068 /* BoardType.swift in Sources */,
				CE749FA8278442BD004F3D75 /* HowToPlayViewModel.swift in Sources */,
				CE14397D2753F9C00014D068 /* GameData.swift in Sources */,
				CE749FB3278853BD004F3D75 /* FirebaseHelper.swift in Sources */,
				CEB050A527A722DE006D29FE /* BaseViewController.swift in Sources */,
				CE48B0E427ADB9A30064CB61 /* SettingsViewController.swift in Sources */,
				CEB050A727A725D8006D29FE /* GameViewModelBase.swift in Sources */,
				CEB050AE27A72B6D006D29FE /* GameViewModel.swift in Sources */,
				CE1439722753F0C50014D068 /* Side.swift in Sources */,
				CE1439762753F10A0014D068 /* MainCollectionViewCell.swift in Sources */,
				CE749FB82788F1FE004F3D75 /* PlayOnlineViewController.swift in Sources */,
				5C1F593D2658D1A200041373 /* AppDelegate.swift in Sources */,
				CE1439742753F0E00014D068 /* Item.swift in Sources */,
				CE749FB52788A116004F3D75 /* GameFieldCoder.swift in Sources */,
				5C1F59472658D1A200041373 /* AdvancedTTT.xcdatamodeld in Sources */,
				CE749FAA278442C9004F3D75 /* HowToPlayViewController.swift in Sources */,
				F58852E329A68FC2009EF20E /* LocalStorageHelper.swift in Sources */,
				5C1F593F2658D1A200041373 /* SceneDelegate.swift in Sources */,
				CE48B0E127ADB6F80064CB61 /* LanguageHelper.swift in Sources */,
				CE749FBA2788F22D004F3D75 /* PlayOnlineViewModel.swift in Sources */,
				CE14397B2753F2810014D068 /* UIViewController+Background.swift in Sources */,
				CEB2C01E2789AE0600A3EB43 /* ConnectToRoomViewController.swift in Sources */,
				F506F01B29C1DBF9006BF4C4 /* ArrayExtensions.swift in Sources */,
				CE1432052776648A00124CEE /* HomeViewController.swift in Sources */,
			);
			runOnlyForDeploymentPostprocessing = 0;
		};
/* End PBXSourcesBuildPhase section */

/* Begin PBXVariantGroup section */
		5C1F59422658D1A200041373 /* Main.storyboard */ = {
			isa = PBXVariantGroup;
			children = (
				5C1F59432658D1A200041373 /* Base */,
			);
			name = Main.storyboard;
			sourceTree = "<group>";
		};
		5C1F594A2658D1A300041373 /* LaunchScreen.storyboard */ = {
			isa = PBXVariantGroup;
			children = (
				5C1F594B2658D1A300041373 /* Base */,
			);
			name = LaunchScreen.storyboard;
			sourceTree = "<group>";
		};
/* End PBXVariantGroup section */

/* Begin XCBuildConfiguration section */
		5C1F594E2658D1A300041373 /* Debug */ = {
			isa = XCBuildConfiguration;
			buildSettings = {
				ALWAYS_SEARCH_USER_PATHS = NO;
				CLANG_ANALYZER_NONNULL = YES;
				CLANG_ANALYZER_NUMBER_OBJECT_CONVERSION = YES_AGGRESSIVE;
				CLANG_CXX_LANGUAGE_STANDARD = "gnu++14";
				CLANG_CXX_LIBRARY = "libc++";
				CLANG_ENABLE_MODULES = YES;
				CLANG_ENABLE_OBJC_ARC = YES;
				CLANG_ENABLE_OBJC_WEAK = YES;
				CLANG_WARN_BLOCK_CAPTURE_AUTORELEASING = YES;
				CLANG_WARN_BOOL_CONVERSION = YES;
				CLANG_WARN_COMMA = YES;
				CLANG_WARN_CONSTANT_CONVERSION = YES;
				CLANG_WARN_DEPRECATED_OBJC_IMPLEMENTATIONS = YES;
				CLANG_WARN_DIRECT_OBJC_ISA_USAGE = YES_ERROR;
				CLANG_WARN_DOCUMENTATION_COMMENTS = YES;
				CLANG_WARN_EMPTY_BODY = YES;
				CLANG_WARN_ENUM_CONVERSION = YES;
				CLANG_WARN_INFINITE_RECURSION = YES;
				CLANG_WARN_INT_CONVERSION = YES;
				CLANG_WARN_NON_LITERAL_NULL_CONVERSION = YES;
				CLANG_WARN_OBJC_IMPLICIT_RETAIN_SELF = YES;
				CLANG_WARN_OBJC_LITERAL_CONVERSION = YES;
				CLANG_WARN_OBJC_ROOT_CLASS = YES_ERROR;
				CLANG_WARN_QUOTED_INCLUDE_IN_FRAMEWORK_HEADER = YES;
				CLANG_WARN_RANGE_LOOP_ANALYSIS = YES;
				CLANG_WARN_STRICT_PROTOTYPES = YES;
				CLANG_WARN_SUSPICIOUS_MOVE = YES;
				CLANG_WARN_UNGUARDED_AVAILABILITY = YES_AGGRESSIVE;
				CLANG_WARN_UNREACHABLE_CODE = YES;
				CLANG_WARN__DUPLICATE_METHOD_MATCH = YES;
				COPY_PHASE_STRIP = NO;
				DEBUG_INFORMATION_FORMAT = dwarf;
				ENABLE_STRICT_OBJC_MSGSEND = YES;
				ENABLE_TESTABILITY = YES;
				GCC_C_LANGUAGE_STANDARD = gnu11;
				GCC_DYNAMIC_NO_PIC = NO;
				GCC_NO_COMMON_BLOCKS = YES;
				GCC_OPTIMIZATION_LEVEL = 0;
				GCC_PREPROCESSOR_DEFINITIONS = (
					"DEBUG=1",
					"$(inherited)",
				);
				GCC_WARN_64_TO_32_BIT_CONVERSION = YES;
				GCC_WARN_ABOUT_RETURN_TYPE = YES_ERROR;
				GCC_WARN_UNDECLARED_SELECTOR = YES;
				GCC_WARN_UNINITIALIZED_AUTOS = YES_AGGRESSIVE;
				GCC_WARN_UNUSED_FUNCTION = YES;
				GCC_WARN_UNUSED_VARIABLE = YES;
				IPHONEOS_DEPLOYMENT_TARGET = 14.5;
				MTL_ENABLE_DEBUG_INFO = INCLUDE_SOURCE;
				MTL_FAST_MATH = YES;
				ONLY_ACTIVE_ARCH = YES;
				SDKROOT = iphoneos;
				SWIFT_ACTIVE_COMPILATION_CONDITIONS = DEBUG;
				SWIFT_OPTIMIZATION_LEVEL = "-Onone";
			};
			name = Debug;
		};
		5C1F594F2658D1A300041373 /* Release */ = {
			isa = XCBuildConfiguration;
			buildSettings = {
				ALWAYS_SEARCH_USER_PATHS = NO;
				CLANG_ANALYZER_NONNULL = YES;
				CLANG_ANALYZER_NUMBER_OBJECT_CONVERSION = YES_AGGRESSIVE;
				CLANG_CXX_LANGUAGE_STANDARD = "gnu++14";
				CLANG_CXX_LIBRARY = "libc++";
				CLANG_ENABLE_MODULES = YES;
				CLANG_ENABLE_OBJC_ARC = YES;
				CLANG_ENABLE_OBJC_WEAK = YES;
				CLANG_WARN_BLOCK_CAPTURE_AUTORELEASING = YES;
				CLANG_WARN_BOOL_CONVERSION = YES;
				CLANG_WARN_COMMA = YES;
				CLANG_WARN_CONSTANT_CONVERSION = YES;
				CLANG_WARN_DEPRECATED_OBJC_IMPLEMENTATIONS = YES;
				CLANG_WARN_DIRECT_OBJC_ISA_USAGE = YES_ERROR;
				CLANG_WARN_DOCUMENTATION_COMMENTS = YES;
				CLANG_WARN_EMPTY_BODY = YES;
				CLANG_WARN_ENUM_CONVERSION = YES;
				CLANG_WARN_INFINITE_RECURSION = YES;
				CLANG_WARN_INT_CONVERSION = YES;
				CLANG_WARN_NON_LITERAL_NULL_CONVERSION = YES;
				CLANG_WARN_OBJC_IMPLICIT_RETAIN_SELF = YES;
				CLANG_WARN_OBJC_LITERAL_CONVERSION = YES;
				CLANG_WARN_OBJC_ROOT_CLASS = YES_ERROR;
				CLANG_WARN_QUOTED_INCLUDE_IN_FRAMEWORK_HEADER = YES;
				CLANG_WARN_RANGE_LOOP_ANALYSIS = YES;
				CLANG_WARN_STRICT_PROTOTYPES = YES;
				CLANG_WARN_SUSPICIOUS_MOVE = YES;
				CLANG_WARN_UNGUARDED_AVAILABILITY = YES_AGGRESSIVE;
				CLANG_WARN_UNREACHABLE_CODE = YES;
				CLANG_WARN__DUPLICATE_METHOD_MATCH = YES;
				COPY_PHASE_STRIP = NO;
				DEBUG_INFORMATION_FORMAT = "dwarf-with-dsym";
				ENABLE_NS_ASSERTIONS = NO;
				ENABLE_STRICT_OBJC_MSGSEND = YES;
				GCC_C_LANGUAGE_STANDARD = gnu11;
				GCC_NO_COMMON_BLOCKS = YES;
				GCC_WARN_64_TO_32_BIT_CONVERSION = YES;
				GCC_WARN_ABOUT_RETURN_TYPE = YES_ERROR;
				GCC_WARN_UNDECLARED_SELECTOR = YES;
				GCC_WARN_UNINITIALIZED_AUTOS = YES_AGGRESSIVE;
				GCC_WARN_UNUSED_FUNCTION = YES;
				GCC_WARN_UNUSED_VARIABLE = YES;
				IPHONEOS_DEPLOYMENT_TARGET = 14.5;
				MTL_ENABLE_DEBUG_INFO = NO;
				MTL_FAST_MATH = YES;
				SDKROOT = iphoneos;
				SWIFT_COMPILATION_MODE = wholemodule;
				SWIFT_OPTIMIZATION_LEVEL = "-O";
				VALIDATE_PRODUCT = YES;
			};
			name = Release;
		};
		5C1F59512658D1A300041373 /* Debug */ = {
			isa = XCBuildConfiguration;
			baseConfigurationReference = D4D209E0AC4AF1ACB7C48924 /* Pods-AdvancedTTT.debug.xcconfig */;
			buildSettings = {
				ASSETCATALOG_COMPILER_APPICON_NAME = AppIcon;
				ASSETCATALOG_COMPILER_GLOBAL_ACCENT_COLOR_NAME = AccentColor;
				CODE_SIGN_IDENTITY = "Apple Development";
				CODE_SIGN_STYLE = Automatic;
				DEVELOPMENT_TEAM = Z6SVM5W336;
				"EXCLUDED_ARCHS[sdk=*]" = arm64;
				INFOPLIST_FILE = AdvancedTTT/Info.plist;
				IPHONEOS_DEPLOYMENT_TARGET = 14.1;
				LD_RUNPATH_SEARCH_PATHS = (
					"$(inherited)",
					"@executable_path/Frameworks",
				);
				PRODUCT_BUNDLE_IDENTIFIER = inch.AdvancedTTT;
				PRODUCT_NAME = "$(TARGET_NAME)";
				PROVISIONING_PROFILE_SPECIFIER = "";
				SWIFT_VERSION = 5.0;
				TARGETED_DEVICE_FAMILY = "1,2";
			};
			name = Debug;
		};
		5C1F59522658D1A300041373 /* Release */ = {
			isa = XCBuildConfiguration;
			baseConfigurationReference = AD7CD2E3915A17301EDAA812 /* Pods-AdvancedTTT.release.xcconfig */;
			buildSettings = {
				ASSETCATALOG_COMPILER_APPICON_NAME = AppIcon;
				ASSETCATALOG_COMPILER_GLOBAL_ACCENT_COLOR_NAME = AccentColor;
				CODE_SIGN_IDENTITY = "Apple Development";
				CODE_SIGN_STYLE = Automatic;
				DEVELOPMENT_TEAM = Z6SVM5W336;
				"EXCLUDED_ARCHS[sdk=*]" = arm64;
				INFOPLIST_FILE = AdvancedTTT/Info.plist;
				IPHONEOS_DEPLOYMENT_TARGET = 14.1;
				LD_RUNPATH_SEARCH_PATHS = (
					"$(inherited)",
					"@executable_path/Frameworks",
				);
				PRODUCT_BUNDLE_IDENTIFIER = inch.AdvancedTTT;
				PRODUCT_NAME = "$(TARGET_NAME)";
				PROVISIONING_PROFILE_SPECIFIER = "";
				SWIFT_VERSION = 5.0;
				TARGETED_DEVICE_FAMILY = "1,2";
			};
			name = Release;
		};
/* End XCBuildConfiguration section */

/* Begin XCConfigurationList section */
		5C1F59342658D1A200041373 /* Build configuration list for PBXProject "AdvancedTTT" */ = {
			isa = XCConfigurationList;
			buildConfigurations = (
				5C1F594E2658D1A300041373 /* Debug */,
				5C1F594F2658D1A300041373 /* Release */,
			);
			defaultConfigurationIsVisible = 0;
			defaultConfigurationName = Release;
		};
		5C1F59502658D1A300041373 /* Build configuration list for PBXNativeTarget "AdvancedTTT" */ = {
			isa = XCConfigurationList;
			buildConfigurations = (
				5C1F59512658D1A300041373 /* Debug */,
				5C1F59522658D1A300041373 /* Release */,
			);
			defaultConfigurationIsVisible = 0;
			defaultConfigurationName = Release;
		};
/* End XCConfigurationList section */

/* Begin XCVersionGroup section */
		5C1F59452658D1A200041373 /* AdvancedTTT.xcdatamodeld */ = {
			isa = XCVersionGroup;
			children = (
				5C1F59462658D1A200041373 /* AdvancedTTT.xcdatamodel */,
			);
			currentVersion = 5C1F59462658D1A200041373 /* AdvancedTTT.xcdatamodel */;
			path = AdvancedTTT.xcdatamodeld;
			sourceTree = "<group>";
			versionGroupType = wrapper.xcdatamodel;
		};
/* End XCVersionGroup section */
	};
	rootObject = 5C1F59312658D1A200041373 /* Project object */;
}
